
Microsoft Visual Studio Solution File, Format Version 12.00
# Visual Studio Version 17
VisualStudioVersion = 17.5.33424.131
MinimumVisualStudioVersion = 10.0.40219.1
Project("{F184B08F-C81C-45F6-A57F-5ABD9991F28F}") = "FIKRI 2", "FIKRI 2.vbproj", "{5AE7CB3A-6986-4AFB-83F8-0B29B6D45FF5}"
EndProject
Global
	GlobalSection(SolutionConfigurationPlatforms) = preSolution
		Debug|Any CPU = Debug|Any CPU
		Release|Any CPU = Release|Any CPU
	EndGlobalSection
	GlobalSection(ProjectConfigurationPlatforms) = postSolution
		{5AE7CB3A-6986-4AFB-83F8-0B29B6D45FF5}.Debug|Any CPU.ActiveCfg = Debug|Any CPU
		{5AE7CB3A-6986-4AFB-83F8-0B29B6D45FF5}.Debug|Any CPU.Build.0 = Debug|Any CPU
		{5AE7CB3A-6986-4AFB-83F8-0B29B6D45FF5}.Release|Any CPU.ActiveCfg = Release|Any CPU
		{5AE7CB3A-6986-4AFB-83F8-0B29B6D45FF5}.Release|Any CPU.Build.0 = Release|Any CPU
	EndGlobalSection
	GlobalSection(SolutionProperties) = preSolution
		HideSolutionNode = FALSE
	EndGlobalSection
	GlobalSection(ExtensibilityGlobals) = postSolution
		SolutionGuid = {978AE319-7F22-46E7-ADB4-B2911C49C553}
	EndGlobalSection
EndGlobal
